
Microsoft Visual Studio Solution File, Format Version 12.00
# Visual Studio Version 16
VisualStudioVersion = 16.0.29123.88
MinimumVisualStudioVersion = 10.0.40219.1
Project("{FAE04EC0-301F-11D3-BF4B-00C04F79EFBC}") = "PalindromeApi", "PalindromeApi\PalindromeApi.csproj", "{4DF88E26-447A-4C88-B0F5-F4B08033BEBA}"
EndProject
Project("{FAE04EC0-301F-11D3-BF4B-00C04F79EFBC}") = "Palindrome.Shared", "Shared\Palindrome.Shared.csproj", "{91CB9E3E-6EC3-4380-931A-9F8FC5F113DE}"
EndProject
Project("{FAE04EC0-301F-11D3-BF4B-00C04F79EFBC}") = "Palindrome.Test", "Palindrome.Test\Palindrome.Test.csproj", "{BA201C84-C9E8-430D-9D9E-190B0C6280F2}"
EndProject
Global
	GlobalSection(SolutionConfigurationPlatforms) = preSolution
		Debug|Any CPU = Debug|Any CPU
		Release|Any CPU = Release|Any CPU
	EndGlobalSection
	GlobalSection(ProjectConfigurationPlatforms) = postSolution
		{4DF88E26-447A-4C88-B0F5-F4B08033BEBA}.Debug|Any CPU.ActiveCfg = Debug|Any CPU
		{4DF88E26-447A-4C88-B0F5-F4B08033BEBA}.Debug|Any CPU.Build.0 = Debug|Any CPU
		{4DF88E26-447A-4C88-B0F5-F4B08033BEBA}.Release|Any CPU.ActiveCfg = Release|Any CPU
		{4DF88E26-447A-4C88-B0F5-F4B08033BEBA}.Release|Any CPU.Build.0 = Release|Any CPU
		{91CB9E3E-6EC3-4380-931A-9F8FC5F113DE}.Debug|Any CPU.ActiveCfg = Debug|Any CPU
		{91CB9E3E-6EC3-4380-931A-9F8FC5F113DE}.Debug|Any CPU.Build.0 = Debug|Any CPU
		{91CB9E3E-6EC3-4380-931A-9F8FC5F113DE}.Release|Any CPU.ActiveCfg = Release|Any CPU
		{91CB9E3E-6EC3-4380-931A-9F8FC5F113DE}.Release|Any CPU.Build.0 = Release|Any CPU
		{BA201C84-C9E8-430D-9D9E-190B0C6280F2}.Debug|Any CPU.ActiveCfg = Debug|Any CPU
		{BA201C84-C9E8-430D-9D9E-190B0C6280F2}.Debug|Any CPU.Build.0 = Debug|Any CPU
		{BA201C84-C9E8-430D-9D9E-190B0C6280F2}.Release|Any CPU.ActiveCfg = Release|Any CPU
		{BA201C84-C9E8-430D-9D9E-190B0C6280F2}.Release|Any CPU.Build.0 = Release|Any CPU
	EndGlobalSection
	GlobalSection(SolutionProperties) = preSolution
		HideSolutionNode = FALSE
	EndGlobalSection
	GlobalSection(ExtensibilityGlobals) = postSolution
		SolutionGuid = {EB88FE9D-E4A6-490A-9EAF-C0698D6B8CD4}
	EndGlobalSection
EndGlobal
